
Microsoft Visual Studio Solution File, Format Version 12.00
# Visual Studio 15
Project("{FAE04EC0-301F-11D3-BF4B-00C04F79EFBC}") = "QRCodeScanner.Android", "QRCodeScanner.Android\QRCodeScanner.Android.csproj", "{C304CE07-FF14-4BB0-A6E8-C7D7E5D19930}"
EndProject
Project("{FAE04EC0-301F-11D3-BF4B-00C04F79EFBC}") = "QRCodeScanner.iOS", "QRCodeScanner.iOS\QRCodeScanner.iOS.csproj", "{DA7CA488-DD3C-471B-BFB4-7200FF50933F}"
EndProject
Project("{FAE04EC0-301F-11D3-BF4B-00C04F79EFBC}") = "QRCodeScanner", "QRCodeScanner\QRCodeScanner.csproj", "{478FEBE5-9E33-4D1D-A4DE-160F93C22858}"
EndProject
Global
	GlobalSection(SolutionConfigurationPlatforms) = preSolution
		Debug|Any CPU = Debug|Any CPU
		Release|Any CPU = Release|Any CPU
		Debug|iPhoneSimulator = Debug|iPhoneSimulator
		Release|iPhoneSimulator = Release|iPhoneSimulator
		Debug|iPhone = Debug|iPhone
		Release|iPhone = Release|iPhone
		Ad-Hoc|iPhone = Ad-Hoc|iPhone
		AppStore|iPhone = AppStore|iPhone
	EndGlobalSection
	GlobalSection(ProjectConfigurationPlatforms) = postSolution
		{C304CE07-FF14-4BB0-A6E8-C7D7E5D19930}.Debug|Any CPU.ActiveCfg = Debug|Any CPU
		{C304CE07-FF14-4BB0-A6E8-C7D7E5D19930}.Debug|Any CPU.Build.0 = Debug|Any CPU
		{C304CE07-FF14-4BB0-A6E8-C7D7E5D19930}.Release|Any CPU.ActiveCfg = Release|Any CPU
		{C304CE07-FF14-4BB0-A6E8-C7D7E5D19930}.Release|Any CPU.Build.0 = Release|Any CPU
		{C304CE07-FF14-4BB0-A6E8-C7D7E5D19930}.Debug|iPhoneSimulator.ActiveCfg = Debug|Any CPU
		{C304CE07-FF14-4BB0-A6E8-C7D7E5D19930}.Debug|iPhoneSimulator.Build.0 = Debug|Any CPU
		{C304CE07-FF14-4BB0-A6E8-C7D7E5D19930}.Release|iPhoneSimulator.ActiveCfg = Release|Any CPU
		{C304CE07-FF14-4BB0-A6E8-C7D7E5D19930}.Release|iPhoneSimulator.Build.0 = Release|Any CPU
		{C304CE07-FF14-4BB0-A6E8-C7D7E5D19930}.Debug|iPhone.ActiveCfg = Debug|Any CPU
		{C304CE07-FF14-4BB0-A6E8-C7D7E5D19930}.Debug|iPhone.Build.0 = Debug|Any CPU
		{C304CE07-FF14-4BB0-A6E8-C7D7E5D19930}.Release|iPhone.ActiveCfg = Release|Any CPU
		{C304CE07-FF14-4BB0-A6E8-C7D7E5D19930}.Release|iPhone.Build.0 = Release|Any CPU
		{C304CE07-FF14-4BB0-A6E8-C7D7E5D19930}.Ad-Hoc|iPhone.ActiveCfg = Debug|Any CPU
		{C304CE07-FF14-4BB0-A6E8-C7D7E5D19930}.Ad-Hoc|iPhone.Build.0 = Debug|Any CPU
		{C304CE07-FF14-4BB0-A6E8-C7D7E5D19930}.AppStore|iPhone.ActiveCfg = Debug|Any CPU
		{C304CE07-FF14-4BB0-A6E8-C7D7E5D19930}.AppStore|iPhone.Build.0 = Debug|Any CPU
		{DA7CA488-DD3C-471B-BFB4-7200FF50933F}.Debug|Any CPU.ActiveCfg = Debug|iPhoneSimulator
		{DA7CA488-DD3C-471B-BFB4-7200FF50933F}.Debug|Any CPU.Build.0 = Debug|iPhoneSimulator
		{DA7CA488-DD3C-471B-BFB4-7200FF50933F}.Release|Any CPU.ActiveCfg = Release|iPhoneSimulator
		{DA7CA488-DD3C-471B-BFB4-7200FF50933F}.Release|Any CPU.Build.0 = Release|iPhoneSimulator
		{DA7CA488-DD3C-471B-BFB4-7200FF50933F}.Debug|iPhoneSimulator.ActiveCfg = Debug|iPhoneSimulator
		{DA7CA488-DD3C-471B-BFB4-7200FF50933F}.Debug|iPhoneSimulator.Build.0 = Debug|iPhoneSimulator
		{DA7CA488-DD3C-471B-BFB4-7200FF50933F}.Release|iPhoneSimulator.ActiveCfg = Release|iPhoneSimulator
		{DA7CA488-DD3C-471B-BFB4-7200FF50933F}.Release|iPhoneSimulator.Build.0 = Release|iPhoneSimulator
		{DA7CA488-DD3C-471B-BFB4-7200FF50933F}.Debug|iPhone.ActiveCfg = Debug|iPhone
		{DA7CA488-DD3C-471B-BFB4-7200FF50933F}.Debug|iPhone.Build.0 = Debug|iPhone
		{DA7CA488-DD3C-471B-BFB4-7200FF50933F}.Release|iPhone.ActiveCfg = Release|iPhone
		{DA7CA488-DD3C-471B-BFB4-7200FF50933F}.Release|iPhone.Build.0 = Release|iPhone
		{DA7CA488-DD3C-471B-BFB4-7200FF50933F}.Ad-Hoc|iPhone.ActiveCfg = Ad-Hoc|iPhone
		{DA7CA488-DD3C-471B-BFB4-7200FF50933F}.Ad-Hoc|iPhone.Build.0 = Ad-Hoc|iPhone
		{DA7CA488-DD3C-471B-BFB4-7200FF50933F}.AppStore|iPhone.ActiveCfg = AppStore|iPhone
		{DA7CA488-DD3C-471B-BFB4-7200FF50933F}.AppStore|iPhone.Build.0 = AppStore|iPhone
		{478FEBE5-9E33-4D1D-A4DE-160F93C22858}.Debug|Any CPU.ActiveCfg = Debug|Any CPU
		{478FEBE5-9E33-4D1D-A4DE-160F93C22858}.Debug|Any CPU.Build.0 = Debug|Any CPU
		{478FEBE5-9E33-4D1D-A4DE-160F93C22858}.Release|Any CPU.ActiveCfg = Release|Any CPU
		{478FEBE5-9E33-4D1D-A4DE-160F93C22858}.Release|Any CPU.Build.0 = Release|Any CPU
		{478FEBE5-9E33-4D1D-A4DE-160F93C22858}.Debug|iPhoneSimulator.ActiveCfg = Debug|Any CPU
		{478FEBE5-9E33-4D1D-A4DE-160F93C22858}.Debug|iPhoneSimulator.Build.0 = Debug|Any CPU
		{478FEBE5-9E33-4D1D-A4DE-160F93C22858}.Release|iPhoneSimulator.ActiveCfg = Release|Any CPU
		{478FEBE5-9E33-4D1D-A4DE-160F93C22858}.Release|iPhoneSimulator.Build.0 = Release|Any CPU
		{478FEBE5-9E33-4D1D-A4DE-160F93C22858}.Debug|iPhone.ActiveCfg = Debug|Any CPU
		{478FEBE5-9E33-4D1D-A4DE-160F93C22858}.Debug|iPhone.Build.0 = Debug|Any CPU
		{478FEBE5-9E33-4D1D-A4DE-160F93C22858}.Release|iPhone.ActiveCfg = Release|Any CPU
		{478FEBE5-9E33-4D1D-A4DE-160F93C22858}.Release|iPhone.Build.0 = Release|Any CPU
		{478FEBE5-9E33-4D1D-A4DE-160F93C22858}.Ad-Hoc|iPhone.ActiveCfg = Debug|Any CPU
		{478FEBE5-9E33-4D1D-A4DE-160F93C22858}.Ad-Hoc|iPhone.Build.0 = Debug|Any CPU
		{478FEBE5-9E33-4D1D-A4DE-160F93C22858}.AppStore|iPhone.ActiveCfg = Debug|Any CPU
		{478FEBE5-9E33-4D1D-A4DE-160F93C22858}.AppStore|iPhone.Build.0 = Debug|Any CPU
	EndGlobalSection
EndGlobal
